
Microsoft Visual Studio Solution File, Format Version 12.00
# Visual Studio Version 16
VisualStudioVersion = 16.0.29215.179
MinimumVisualStudioVersion = 10.0.40219.1
Project("{FAE04EC0-301F-11D3-BF4B-00C04F79EFBC}") = "turner_4200", "turner_4200.csproj", "{CA035F86-69E4-47A3-9180-557A703A6EA5}"
EndProject
Global
	GlobalSection(SolutionConfigurationPlatforms) = preSolution
		Debug|Any CPU = Debug|Any CPU
		Release|Any CPU = Release|Any CPU
	EndGlobalSection
	GlobalSection(ProjectConfigurationPlatforms) = postSolution
		{CA035F86-69E4-47A3-9180-557A703A6EA5}.Debug|Any CPU.ActiveCfg = Debug|Any CPU
		{CA035F86-69E4-47A3-9180-557A703A6EA5}.Debug|Any CPU.Build.0 = Debug|Any CPU
		{CA035F86-69E4-47A3-9180-557A703A6EA5}.Release|Any CPU.ActiveCfg = Release|Any CPU
		{CA035F86-69E4-47A3-9180-557A703A6EA5}.Release|Any CPU.Build.0 = Release|Any CPU
	EndGlobalSection
	GlobalSection(SolutionProperties) = preSolution
		HideSolutionNode = FALSE
	EndGlobalSection
	GlobalSection(ExtensibilityGlobals) = postSolution
		SolutionGuid = {C12A6D48-696F-413B-A1C0-7615CD693D0A}
	EndGlobalSection
EndGlobal
